// !$*UTF8*$!
{
	archiveVersion = 1;
	classes = {
	};
	objectVersion = 51;
	objects = {

/* Begin PBXBuildFile section */
		6213BCA92726E02000A2E500 /* AirDatePickerView.swift in Sources */ = {isa = PBXBuildFile; fileRef = 6213BCA82726E02000A2E500 /* AirDatePickerView.swift */; };
		6213BCB02727787A00A2E500 /* AirDatePickerReactor.swift in Sources */ = {isa = PBXBuildFile; fileRef = 6213BCAF2727787A00A2E500 /* AirDatePickerReactor.swift */; };
		621D3DB92702D89A003FEA9F /* RegisterViewReactor.swift in Sources */ = {isa = PBXBuildFile; fileRef = 621D3DB82702D89A003FEA9F /* RegisterViewReactor.swift */; };
		621D3DBB2702D8F7003FEA9F /* RegisterViewController.swift in Sources */ = {isa = PBXBuildFile; fileRef = 621D3DBA2702D8F7003FEA9F /* RegisterViewController.swift */; };
		621D3DBE2702DAA0003FEA9F /* R.generated.swift in Sources */ = {isa = PBXBuildFile; fileRef = 621D3DBD2702DAA0003FEA9F /* R.generated.swift */; };
		6229F23826F1713A00B51EBA /* AppDelegate.swift in Sources */ = {isa = PBXBuildFile; fileRef = 6229F23726F1713A00B51EBA /* AppDelegate.swift */; };
		6229F24126F1713D00B51EBA /* Assets.xcassets in Resources */ = {isa = PBXBuildFile; fileRef = 6229F24026F1713D00B51EBA /* Assets.xcassets */; };
		6229F24426F1713D00B51EBA /* LaunchScreen.storyboard in Resources */ = {isa = PBXBuildFile; fileRef = 6229F24226F1713D00B51EBA /* LaunchScreen.storyboard */; };
		6229F24F26F1713E00B51EBA /* Air_iOSTests.swift in Sources */ = {isa = PBXBuildFile; fileRef = 6229F24E26F1713E00B51EBA /* Air_iOSTests.swift */; };
		6229F25A26F1713E00B51EBA /* Air_iOSUITests.swift in Sources */ = {isa = PBXBuildFile; fileRef = 6229F25926F1713E00B51EBA /* Air_iOSUITests.swift */; };
		6229F26E26F1B84500B51EBA /* AppServices.swift in Sources */ = {isa = PBXBuildFile; fileRef = 6229F26D26F1B84500B51EBA /* AppServices.swift */; };
		6229F27126F1BF7C00B51EBA /* Network.swift in Sources */ = {isa = PBXBuildFile; fileRef = 6229F27026F1BF7C00B51EBA /* Network.swift */; };
		6229F27426F1D2CF00B51EBA /* DateFormatter.swift in Sources */ = {isa = PBXBuildFile; fileRef = 6229F27326F1D2CF00B51EBA /* DateFormatter.swift */; };
		6229F27826F20FC100B51EBA /* BaseAPI.swift in Sources */ = {isa = PBXBuildFile; fileRef = 6229F27726F20FC100B51EBA /* BaseAPI.swift */; };
		6229F27A26F210CD00B51EBA /* MainAPI.swift in Sources */ = {isa = PBXBuildFile; fileRef = 6229F27926F210CD00B51EBA /* MainAPI.swift */; };
		6229F27C26F2E6E200B51EBA /* AuthAPI.swift in Sources */ = {isa = PBXBuildFile; fileRef = 6229F27B26F2E6E100B51EBA /* AuthAPI.swift */; };
		6229F27F26F310D500B51EBA /* AuthService.swift in Sources */ = {isa = PBXBuildFile; fileRef = 6229F27E26F310D500B51EBA /* AuthService.swift */; };
		6229F28426F320E300B51EBA /* ModelType.swift in Sources */ = {isa = PBXBuildFile; fileRef = 6229F28326F320E300B51EBA /* ModelType.swift */; };
		6229F28626F3216600B51EBA /* Token.swift in Sources */ = {isa = PBXBuildFile; fileRef = 6229F28526F3216600B51EBA /* Token.swift */; };
		6229F28826F3229B00B51EBA /* Email.swift in Sources */ = {isa = PBXBuildFile; fileRef = 6229F28726F3229B00B51EBA /* Email.swift */; };
		62452448270D7AB700DE083D /* Stats.swift in Sources */ = {isa = PBXBuildFile; fileRef = 62452447270D7AB700DE083D /* Stats.swift */; };
		6245244A270D7DB500DE083D /* StatsMock.json in Resources */ = {isa = PBXBuildFile; fileRef = 62452449270D7DB500DE083D /* StatsMock.json */; };
		6245244E270DBEC000DE083D /* Double.swift in Sources */ = {isa = PBXBuildFile; fileRef = 6245244D270DBEC000DE083D /* Double.swift */; };
		624A4AB9272EADE4006C8F5E /* UserService.swift in Sources */ = {isa = PBXBuildFile; fileRef = 624A4AB8272EADE4006C8F5E /* UserService.swift */; };
		624A4ABC272FC603006C8F5E /* MainViewReactor.swift in Sources */ = {isa = PBXBuildFile; fileRef = 624A4ABB272FC603006C8F5E /* MainViewReactor.swift */; };
		624A4ABE272FC696006C8F5E /* MainViewController.swift in Sources */ = {isa = PBXBuildFile; fileRef = 624A4ABD272FC696006C8F5E /* MainViewController.swift */; };
		624A4AC0272FC8B9006C8F5E /* MainMock.json in Resources */ = {isa = PBXBuildFile; fileRef = 624A4ABF272FC8B9006C8F5E /* MainMock.json */; };
		624A4AC3272FC91B006C8F5E /* Subject.swift in Sources */ = {isa = PBXBuildFile; fileRef = 624A4AC2272FC91B006C8F5E /* Subject.swift */; };
		62537220271BB77C00165834 /* DatePickerDateCell.swift in Sources */ = {isa = PBXBuildFile; fileRef = 6253721F271BB77C00165834 /* DatePickerDateCell.swift */; };
		62537222271BB7C200165834 /* BaseCollectionViewCell.swift in Sources */ = {isa = PBXBuildFile; fileRef = 62537221271BB7C200165834 /* BaseCollectionViewCell.swift */; };
		62537224271BD29200165834 /* DatePickerDateReactor.swift in Sources */ = {isa = PBXBuildFile; fileRef = 62537223271BD29200165834 /* DatePickerDateReactor.swift */; };
		627E9BB42703606D00A2C5A1 /* TimerViewReactor.swift in Sources */ = {isa = PBXBuildFile; fileRef = 627E9BB32703606D00A2C5A1 /* TimerViewReactor.swift */; };
		627E9BB6270360DD00A2C5A1 /* TimerViewController.swift in Sources */ = {isa = PBXBuildFile; fileRef = 627E9BB5270360DD00A2C5A1 /* TimerViewController.swift */; };
		627E9BB827036B6B00A2C5A1 /* Int.swift in Sources */ = {isa = PBXBuildFile; fileRef = 627E9BB727036B6B00A2C5A1 /* Int.swift */; };
		62A9A3FA2701930A001E2343 /* DeviceType.swift in Sources */ = {isa = PBXBuildFile; fileRef = 62A9A3F92701930A001E2343 /* DeviceType.swift */; };
		62A9A3FC2701940D001E2343 /* UIViewPreview.swift.swift in Sources */ = {isa = PBXBuildFile; fileRef = 62A9A3FB2701940D001E2343 /* UIViewPreview.swift.swift */; };
		62A9A3FE27019425001E2343 /* UIViewControllerPreview.swift in Sources */ = {isa = PBXBuildFile; fileRef = 62A9A3FD27019425001E2343 /* UIViewControllerPreview.swift */; };
		62A9A40027019457001E2343 /* Preview.swift in Sources */ = {isa = PBXBuildFile; fileRef = 62A9A3FF27019457001E2343 /* Preview.swift */; };
		62A9A40327019690001E2343 /* LoginViewReactor.swift in Sources */ = {isa = PBXBuildFile; fileRef = 62A9A40227019690001E2343 /* LoginViewReactor.swift */; };
		62A9A40527019729001E2343 /* LoginViewController.swift in Sources */ = {isa = PBXBuildFile; fileRef = 62A9A40427019729001E2343 /* LoginViewController.swift */; };
		62A9A4072701A8F4001E2343 /* Colors.xcassets in Resources */ = {isa = PBXBuildFile; fileRef = 62A9A4062701A8F4001E2343 /* Colors.xcassets */; };
		62A9A40B2701DA0B001E2343 /* AirTextField.swift in Sources */ = {isa = PBXBuildFile; fileRef = 62A9A40A2701DA0B001E2343 /* AirTextField.swift */; };
		62A9A40D270208D8001E2343 /* SendCodeButton.swift in Sources */ = {isa = PBXBuildFile; fileRef = 62A9A40C270208D8001E2343 /* SendCodeButton.swift */; };
		62A9A40F270216D9001E2343 /* AirPlainButton.swift in Sources */ = {isa = PBXBuildFile; fileRef = 62A9A40E270216D9001E2343 /* AirPlainButton.swift */; };
		62A9A41227021C0B001E2343 /* Snapkit.swift in Sources */ = {isa = PBXBuildFile; fileRef = 62A9A41127021C0B001E2343 /* Snapkit.swift */; };
		62AB75732703E63D0090169D /* String.swift in Sources */ = {isa = PBXBuildFile; fileRef = 62AB75722703E63D0090169D /* String.swift */; };
		62B42F512704383F00D2060A /* GraphViewReactor.swift in Sources */ = {isa = PBXBuildFile; fileRef = 62B42F502704383F00D2060A /* GraphViewReactor.swift */; };
		62B42F532704387000D2060A /* GraphViewController.swift.swift in Sources */ = {isa = PBXBuildFile; fileRef = 62B42F522704387000D2060A /* GraphViewController.swift.swift */; };
		62B42F58270467E500D2060A /* ChartMarker.swift in Sources */ = {isa = PBXBuildFile; fileRef = 62B42F57270467E500D2060A /* ChartMarker.swift */; };
		62B42F5A2704953300D2060A /* GraphPieChart.swift in Sources */ = {isa = PBXBuildFile; fileRef = 62B42F592704953300D2060A /* GraphPieChart.swift */; };
		62BFD582271D6C0F001815BD /* Date.swift in Sources */ = {isa = PBXBuildFile; fileRef = 62BFD581271D6C0F001815BD /* Date.swift */; };
		62C08723271810AA009D34A7 /* GraphViewLegendCell.swift in Sources */ = {isa = PBXBuildFile; fileRef = 62C08722271810AA009D34A7 /* GraphViewLegendCell.swift */; };
		62C08725271810D6009D34A7 /* BaseTableViewCell.swift in Sources */ = {isa = PBXBuildFile; fileRef = 62C08724271810D6009D34A7 /* BaseTableViewCell.swift */; };
		62C087272718116C009D34A7 /* GraphViewLegendReactor.swift in Sources */ = {isa = PBXBuildFile; fileRef = 62C087262718116C009D34A7 /* GraphViewLegendReactor.swift */; };
		62C0872A27181C56009D34A7 /* GraphLegendSection.swift.swift in Sources */ = {isa = PBXBuildFile; fileRef = 62C0872927181C56009D34A7 /* GraphLegendSection.swift.swift */; };
		62EE3752270171E000ABFCD2 /* BaseViewController.swift in Sources */ = {isa = PBXBuildFile; fileRef = 62EE3751270171E000ABFCD2 /* BaseViewController.swift */; };
		BFE942F5FC48C5191A355A21 /* Pods_Air_iOS.framework in Frameworks */ = {isa = PBXBuildFile; fileRef = 8941DB28E27ADD54353820D7 /* Pods_Air_iOS.framework */; };
		C8403D7F7883670F9F1D8E11 /* Pods_Air_iOSTests.framework in Frameworks */ = {isa = PBXBuildFile; fileRef = E0498C5F8C53219455FCD9D6 /* Pods_Air_iOSTests.framework */; };
		F1405EF075B0AD9561499FEA /* Pods_Air_iOS_Air_iOSUITests.framework in Frameworks */ = {isa = PBXBuildFile; fileRef = 0233958DCE324D658633647D /* Pods_Air_iOS_Air_iOSUITests.framework */; };
/* End PBXBuildFile section */

/* Begin PBXContainerItemProxy section */
		6229F24B26F1713E00B51EBA /* PBXContainerItemProxy */ = {
			isa = PBXContainerItemProxy;
			containerPortal = 6229F22C26F1713A00B51EBA /* Project object */;
			proxyType = 1;
			remoteGlobalIDString = 6229F23326F1713A00B51EBA;
			remoteInfo = Air_iOS;
		};
		6229F25626F1713E00B51EBA /* PBXContainerItemProxy */ = {
			isa = PBXContainerItemProxy;
			containerPortal = 6229F22C26F1713A00B51EBA /* Project object */;
			proxyType = 1;
			remoteGlobalIDString = 6229F23326F1713A00B51EBA;
			remoteInfo = Air_iOS;
		};
/* End PBXContainerItemProxy section */

/* Begin PBXFileReference section */
		0233958DCE324D658633647D /* Pods_Air_iOS_Air_iOSUITests.framework */ = {isa = PBXFileReference; explicitFileType = wrapper.framework; includeInIndex = 0; path = Pods_Air_iOS_Air_iOSUITests.framework; sourceTree = BUILT_PRODUCTS_DIR; };
		0B0317AAE7DBAA7E3CB820AF /* Pods-Air_iOS-Air_iOSUITests.release.xcconfig */ = {isa = PBXFileReference; includeInIndex = 1; lastKnownFileType = text.xcconfig; name = "Pods-Air_iOS-Air_iOSUITests.release.xcconfig"; path = "Target Support Files/Pods-Air_iOS-Air_iOSUITests/Pods-Air_iOS-Air_iOSUITests.release.xcconfig"; sourceTree = "<group>"; };
		2B0AE9DDA31549283CDBF4E4 /* Pods-Air_iOS.release.xcconfig */ = {isa = PBXFileReference; includeInIndex = 1; lastKnownFileType = text.xcconfig; name = "Pods-Air_iOS.release.xcconfig"; path = "Target Support Files/Pods-Air_iOS/Pods-Air_iOS.release.xcconfig"; sourceTree = "<group>"; };
		425284FF908A912FCE928FA0 /* Pods-Air_iOSTests.debug.xcconfig */ = {isa = PBXFileReference; includeInIndex = 1; lastKnownFileType = text.xcconfig; name = "Pods-Air_iOSTests.debug.xcconfig"; path = "Target Support Files/Pods-Air_iOSTests/Pods-Air_iOSTests.debug.xcconfig"; sourceTree = "<group>"; };
		6213BCA82726E02000A2E500 /* AirDatePickerView.swift */ = {isa = PBXFileReference; lastKnownFileType = sourcecode.swift; path = AirDatePickerView.swift; sourceTree = "<group>"; };
		6213BCAF2727787A00A2E500 /* AirDatePickerReactor.swift */ = {isa = PBXFileReference; lastKnownFileType = sourcecode.swift; path = AirDatePickerReactor.swift; sourceTree = "<group>"; };
		621D3DB82702D89A003FEA9F /* RegisterViewReactor.swift */ = {isa = PBXFileReference; lastKnownFileType = sourcecode.swift; path = RegisterViewReactor.swift; sourceTree = "<group>"; };
		621D3DBA2702D8F7003FEA9F /* RegisterViewController.swift */ = {isa = PBXFileReference; lastKnownFileType = sourcecode.swift; path = RegisterViewController.swift; sourceTree = "<group>"; };
		621D3DBD2702DAA0003FEA9F /* R.generated.swift */ = {isa = PBXFileReference; fileEncoding = 4; lastKnownFileType = sourcecode.swift; path = R.generated.swift; sourceTree = SOURCE_ROOT; };
		6229F23426F1713A00B51EBA /* Air_iOS.app */ = {isa = PBXFileReference; explicitFileType = wrapper.application; includeInIndex = 0; path = Air_iOS.app; sourceTree = BUILT_PRODUCTS_DIR; };
		6229F23726F1713A00B51EBA /* AppDelegate.swift */ = {isa = PBXFileReference; lastKnownFileType = sourcecode.swift; path = AppDelegate.swift; sourceTree = "<group>"; };
		6229F24026F1713D00B51EBA /* Assets.xcassets */ = {isa = PBXFileReference; lastKnownFileType = folder.assetcatalog; path = Assets.xcassets; sourceTree = "<group>"; };
		6229F24326F1713D00B51EBA /* Base */ = {isa = PBXFileReference; lastKnownFileType = file.storyboard; name = Base; path = Base.lproj/LaunchScreen.storyboard; sourceTree = "<group>"; };
		6229F24526F1713D00B51EBA /* Info.plist */ = {isa = PBXFileReference; lastKnownFileType = text.plist.xml; path = Info.plist; sourceTree = "<group>"; };
		6229F24A26F1713E00B51EBA /* Air_iOSTests.xctest */ = {isa = PBXFileReference; explicitFileType = wrapper.cfbundle; includeInIndex = 0; path = Air_iOSTests.xctest; sourceTree = BUILT_PRODUCTS_DIR; };
		6229F24E26F1713E00B51EBA /* Air_iOSTests.swift */ = {isa = PBXFileReference; lastKnownFileType = sourcecode.swift; path = Air_iOSTests.swift; sourceTree = "<group>"; };
		6229F25026F1713E00B51EBA /* Info.plist */ = {isa = PBXFileReference; lastKnownFileType = text.plist.xml; path = Info.plist; sourceTree = "<group>"; };
		6229F25526F1713E00B51EBA /* Air_iOSUITests.xctest */ = {isa = PBXFileReference; explicitFileType = wrapper.cfbundle; includeInIndex = 0; path = Air_iOSUITests.xctest; sourceTree = BUILT_PRODUCTS_DIR; };
		6229F25926F1713E00B51EBA /* Air_iOSUITests.swift */ = {isa = PBXFileReference; lastKnownFileType = sourcecode.swift; path = Air_iOSUITests.swift; sourceTree = "<group>"; };
		6229F25B26F1713E00B51EBA /* Info.plist */ = {isa = PBXFileReference; lastKnownFileType = text.plist.xml; path = Info.plist; sourceTree = "<group>"; };
		6229F26D26F1B84500B51EBA /* AppServices.swift */ = {isa = PBXFileReference; lastKnownFileType = sourcecode.swift; path = AppServices.swift; sourceTree = "<group>"; };
		6229F27026F1BF7C00B51EBA /* Network.swift */ = {isa = PBXFileReference; lastKnownFileType = sourcecode.swift; path = Network.swift; sourceTree = "<group>"; };
		6229F27326F1D2CF00B51EBA /* DateFormatter.swift */ = {isa = PBXFileReference; lastKnownFileType = sourcecode.swift; path = DateFormatter.swift; sourceTree = "<group>"; };
		6229F27726F20FC100B51EBA /* BaseAPI.swift */ = {isa = PBXFileReference; lastKnownFileType = sourcecode.swift; path = BaseAPI.swift; sourceTree = "<group>"; };
		6229F27926F210CD00B51EBA /* MainAPI.swift */ = {isa = PBXFileReference; lastKnownFileType = sourcecode.swift; path = MainAPI.swift; sourceTree = "<group>"; };
		6229F27B26F2E6E100B51EBA /* AuthAPI.swift */ = {isa = PBXFileReference; lastKnownFileType = sourcecode.swift; path = AuthAPI.swift; sourceTree = "<group>"; };
		6229F27E26F310D500B51EBA /* AuthService.swift */ = {isa = PBXFileReference; lastKnownFileType = sourcecode.swift; path = AuthService.swift; sourceTree = "<group>"; };
		6229F28326F320E300B51EBA /* ModelType.swift */ = {isa = PBXFileReference; lastKnownFileType = sourcecode.swift; path = ModelType.swift; sourceTree = "<group>"; };
		6229F28526F3216600B51EBA /* Token.swift */ = {isa = PBXFileReference; lastKnownFileType = sourcecode.swift; path = Token.swift; sourceTree = "<group>"; };
		6229F28726F3229B00B51EBA /* Email.swift */ = {isa = PBXFileReference; lastKnownFileType = sourcecode.swift; path = Email.swift; sourceTree = "<group>"; };
		62452447270D7AB700DE083D /* Stats.swift */ = {isa = PBXFileReference; lastKnownFileType = sourcecode.swift; path = Stats.swift; sourceTree = "<group>"; };
		62452449270D7DB500DE083D /* StatsMock.json */ = {isa = PBXFileReference; lastKnownFileType = text.json; path = StatsMock.json; sourceTree = "<group>"; };
		6245244D270DBEC000DE083D /* Double.swift */ = {isa = PBXFileReference; lastKnownFileType = sourcecode.swift; path = Double.swift; sourceTree = "<group>"; };
		624A4AB8272EADE4006C8F5E /* UserService.swift */ = {isa = PBXFileReference; lastKnownFileType = sourcecode.swift; path = UserService.swift; sourceTree = "<group>"; };
		624A4ABB272FC603006C8F5E /* MainViewReactor.swift */ = {isa = PBXFileReference; lastKnownFileType = sourcecode.swift; path = MainViewReactor.swift; sourceTree = "<group>"; };
		624A4ABD272FC696006C8F5E /* MainViewController.swift */ = {isa = PBXFileReference; lastKnownFileType = sourcecode.swift; path = MainViewController.swift; sourceTree = "<group>"; };
		624A4ABF272FC8B9006C8F5E /* MainMock.json */ = {isa = PBXFileReference; lastKnownFileType = text.json; path = MainMock.json; sourceTree = "<group>"; };
		624A4AC2272FC91B006C8F5E /* Subject.swift */ = {isa = PBXFileReference; lastKnownFileType = sourcecode.swift; path = Subject.swift; sourceTree = "<group>"; };
		6253721F271BB77C00165834 /* DatePickerDateCell.swift */ = {isa = PBXFileReference; lastKnownFileType = sourcecode.swift; path = DatePickerDateCell.swift; sourceTree = "<group>"; };
		62537221271BB7C200165834 /* BaseCollectionViewCell.swift */ = {isa = PBXFileReference; lastKnownFileType = sourcecode.swift; path = BaseCollectionViewCell.swift; sourceTree = "<group>"; };
		62537223271BD29200165834 /* DatePickerDateReactor.swift */ = {isa = PBXFileReference; lastKnownFileType = sourcecode.swift; path = DatePickerDateReactor.swift; sourceTree = "<group>"; };
		627E9BB32703606D00A2C5A1 /* TimerViewReactor.swift */ = {isa = PBXFileReference; lastKnownFileType = sourcecode.swift; path = TimerViewReactor.swift; sourceTree = "<group>"; };
		627E9BB5270360DD00A2C5A1 /* TimerViewController.swift */ = {isa = PBXFileReference; lastKnownFileType = sourcecode.swift; path = TimerViewController.swift; sourceTree = "<group>"; };
		627E9BB727036B6B00A2C5A1 /* Int.swift */ = {isa = PBXFileReference; lastKnownFileType = sourcecode.swift; path = Int.swift; sourceTree = "<group>"; };
		62A9A3F92701930A001E2343 /* DeviceType.swift */ = {isa = PBXFileReference; lastKnownFileType = sourcecode.swift; path = DeviceType.swift; sourceTree = "<group>"; };
		62A9A3FB2701940D001E2343 /* UIViewPreview.swift.swift */ = {isa = PBXFileReference; lastKnownFileType = sourcecode.swift; path = UIViewPreview.swift.swift; sourceTree = "<group>"; };
		62A9A3FD27019425001E2343 /* UIViewControllerPreview.swift */ = {isa = PBXFileReference; lastKnownFileType = sourcecode.swift; path = UIViewControllerPreview.swift; sourceTree = "<group>"; };
		62A9A3FF27019457001E2343 /* Preview.swift */ = {isa = PBXFileReference; lastKnownFileType = sourcecode.swift; path = Preview.swift; sourceTree = "<group>"; };
		62A9A40227019690001E2343 /* LoginViewReactor.swift */ = {isa = PBXFileReference; lastKnownFileType = sourcecode.swift; path = LoginViewReactor.swift; sourceTree = "<group>"; };
		62A9A40427019729001E2343 /* LoginViewController.swift */ = {isa = PBXFileReference; lastKnownFileType = sourcecode.swift; path = LoginViewController.swift; sourceTree = "<group>"; };
		62A9A4062701A8F4001E2343 /* Colors.xcassets */ = {isa = PBXFileReference; lastKnownFileType = folder.assetcatalog; path = Colors.xcassets; sourceTree = "<group>"; };
		62A9A40A2701DA0B001E2343 /* AirTextField.swift */ = {isa = PBXFileReference; lastKnownFileType = sourcecode.swift; path = AirTextField.swift; sourceTree = "<group>"; };
		62A9A40C270208D8001E2343 /* SendCodeButton.swift */ = {isa = PBXFileReference; lastKnownFileType = sourcecode.swift; path = SendCodeButton.swift; sourceTree = "<group>"; };
		62A9A40E270216D9001E2343 /* AirPlainButton.swift */ = {isa = PBXFileReference; lastKnownFileType = sourcecode.swift; path = AirPlainButton.swift; sourceTree = "<group>"; };
		62A9A41127021C0B001E2343 /* Snapkit.swift */ = {isa = PBXFileReference; lastKnownFileType = sourcecode.swift; path = Snapkit.swift; sourceTree = "<group>"; };
		62AB75722703E63D0090169D /* String.swift */ = {isa = PBXFileReference; lastKnownFileType = sourcecode.swift; path = String.swift; sourceTree = "<group>"; };
		62B42F502704383F00D2060A /* GraphViewReactor.swift */ = {isa = PBXFileReference; lastKnownFileType = sourcecode.swift; path = GraphViewReactor.swift; sourceTree = "<group>"; };
		62B42F522704387000D2060A /* GraphViewController.swift.swift */ = {isa = PBXFileReference; lastKnownFileType = sourcecode.swift; path = GraphViewController.swift.swift; sourceTree = "<group>"; };
		62B42F57270467E500D2060A /* ChartMarker.swift */ = {isa = PBXFileReference; lastKnownFileType = sourcecode.swift; path = ChartMarker.swift; sourceTree = "<group>"; };
		62B42F592704953300D2060A /* GraphPieChart.swift */ = {isa = PBXFileReference; lastKnownFileType = sourcecode.swift; path = GraphPieChart.swift; sourceTree = "<group>"; };
		62BFD581271D6C0F001815BD /* Date.swift */ = {isa = PBXFileReference; lastKnownFileType = sourcecode.swift; path = Date.swift; sourceTree = "<group>"; };
		62C08722271810AA009D34A7 /* GraphViewLegendCell.swift */ = {isa = PBXFileReference; lastKnownFileType = sourcecode.swift; path = GraphViewLegendCell.swift; sourceTree = "<group>"; };
		62C08724271810D6009D34A7 /* BaseTableViewCell.swift */ = {isa = PBXFileReference; lastKnownFileType = sourcecode.swift; path = BaseTableViewCell.swift; sourceTree = "<group>"; };
		62C087262718116C009D34A7 /* GraphViewLegendReactor.swift */ = {isa = PBXFileReference; lastKnownFileType = sourcecode.swift; path = GraphViewLegendReactor.swift; sourceTree = "<group>"; };
		62C0872927181C56009D34A7 /* GraphLegendSection.swift.swift */ = {isa = PBXFileReference; lastKnownFileType = sourcecode.swift; path = GraphLegendSection.swift.swift; sourceTree = "<group>"; };
		62EE3751270171E000ABFCD2 /* BaseViewController.swift */ = {isa = PBXFileReference; lastKnownFileType = sourcecode.swift; path = BaseViewController.swift; sourceTree = "<group>"; };
		8941DB28E27ADD54353820D7 /* Pods_Air_iOS.framework */ = {isa = PBXFileReference; explicitFileType = wrapper.framework; includeInIndex = 0; path = Pods_Air_iOS.framework; sourceTree = BUILT_PRODUCTS_DIR; };
		BCCD06138C1C45249565EF0E /* Pods-Air_iOSTests.release.xcconfig */ = {isa = PBXFileReference; includeInIndex = 1; lastKnownFileType = text.xcconfig; name = "Pods-Air_iOSTests.release.xcconfig"; path = "Target Support Files/Pods-Air_iOSTests/Pods-Air_iOSTests.release.xcconfig"; sourceTree = "<group>"; };
		E0498C5F8C53219455FCD9D6 /* Pods_Air_iOSTests.framework */ = {isa = PBXFileReference; explicitFileType = wrapper.framework; includeInIndex = 0; path = Pods_Air_iOSTests.framework; sourceTree = BUILT_PRODUCTS_DIR; };
		EAA32603D1DDFC7CE989F672 /* Pods-Air_iOS-Air_iOSUITests.debug.xcconfig */ = {isa = PBXFileReference; includeInIndex = 1; lastKnownFileType = text.xcconfig; name = "Pods-Air_iOS-Air_iOSUITests.debug.xcconfig"; path = "Target Support Files/Pods-Air_iOS-Air_iOSUITests/Pods-Air_iOS-Air_iOSUITests.debug.xcconfig"; sourceTree = "<group>"; };
		EDFBDB6CF24430861109E886 /* Pods-Air_iOS.debug.xcconfig */ = {isa = PBXFileReference; includeInIndex = 1; lastKnownFileType = text.xcconfig; name = "Pods-Air_iOS.debug.xcconfig"; path = "Target Support Files/Pods-Air_iOS/Pods-Air_iOS.debug.xcconfig"; sourceTree = "<group>"; };
/* End PBXFileReference section */

/* Begin PBXFrameworksBuildPhase section */
		6229F23126F1713A00B51EBA /* Frameworks */ = {
			isa = PBXFrameworksBuildPhase;
			buildActionMask = 2147483647;
			files = (
				BFE942F5FC48C5191A355A21 /* Pods_Air_iOS.framework in Frameworks */,
			);
			runOnlyForDeploymentPostprocessing = 0;
		};
		6229F24726F1713E00B51EBA /* Frameworks */ = {
			isa = PBXFrameworksBuildPhase;
			buildActionMask = 2147483647;
			files = (
				C8403D7F7883670F9F1D8E11 /* Pods_Air_iOSTests.framework in Frameworks */,
			);
			runOnlyForDeploymentPostprocessing = 0;
		};
		6229F25226F1713E00B51EBA /* Frameworks */ = {
			isa = PBXFrameworksBuildPhase;
			buildActionMask = 2147483647;
			files = (
				F1405EF075B0AD9561499FEA /* Pods_Air_iOS_Air_iOSUITests.framework in Frameworks */,
			);
			runOnlyForDeploymentPostprocessing = 0;
		};
/* End PBXFrameworksBuildPhase section */

/* Begin PBXGroup section */
		6213BCA72726DF3F00A2E500 /* DatePicker */ = {
			isa = PBXGroup;
			children = (
				6253721E271BB74800165834 /* GraphDate */,
			);
			path = DatePicker;
			sourceTree = "<group>";
		};
		6213BCAB2726E0E000A2E500 /* Cell */ = {
			isa = PBXGroup;
			children = (
				6253721F271BB77C00165834 /* DatePickerDateCell.swift */,
				62537223271BD29200165834 /* DatePickerDateReactor.swift */,
			);
			path = Cell;
			sourceTree = "<group>";
		};
		6213BCAC2726E0F200A2E500 /* DatePicker */ = {
			isa = PBXGroup;
			children = (
				6213BCA82726E02000A2E500 /* AirDatePickerView.swift */,
				6213BCAF2727787A00A2E500 /* AirDatePickerReactor.swift */,
			);
			path = DatePicker;
			sourceTree = "<group>";
		};
		621D3DB72702D875003FEA9F /* Register */ = {
			isa = PBXGroup;
			children = (
				621D3DBA2702D8F7003FEA9F /* RegisterViewController.swift */,
				621D3DB82702D89A003FEA9F /* RegisterViewReactor.swift */,
			);
			path = Register;
			sourceTree = "<group>";
		};
		6229F22B26F1713A00B51EBA = {
			isa = PBXGroup;
			children = (
				6229F23626F1713A00B51EBA /* Air_iOS */,
				6229F24D26F1713E00B51EBA /* Air_iOSTests */,
				6229F25826F1713E00B51EBA /* Air_iOSUITests */,
				6229F23526F1713A00B51EBA /* Products */,
				A1F1E8471230A83035F1B352 /* Pods */,
				A93840AA2225AB958755DD8A /* Frameworks */,
			);
			sourceTree = "<group>";
		};
		6229F23526F1713A00B51EBA /* Products */ = {
			isa = PBXGroup;
			children = (
				6229F23426F1713A00B51EBA /* Air_iOS.app */,
				6229F24A26F1713E00B51EBA /* Air_iOSTests.xctest */,
				6229F25526F1713E00B51EBA /* Air_iOSUITests.xctest */,
			);
			name = Products;
			sourceTree = "<group>";
		};
		6229F23626F1713A00B51EBA /* Air_iOS */ = {
			isa = PBXGroup;
			children = (
				62A9A3FF27019457001E2343 /* Preview.swift */,
				6229F26726F1729800B51EBA /* Source */,
				6229F26926F172A300B51EBA /* Resource */,
				6229F26A26F172B900B51EBA /* SupportingFiles */,
			);
			path = Air_iOS;
			sourceTree = "<group>";
		};
		6229F24D26F1713E00B51EBA /* Air_iOSTests */ = {
			isa = PBXGroup;
			children = (
				6229F24E26F1713E00B51EBA /* Air_iOSTests.swift */,
				6229F25026F1713E00B51EBA /* Info.plist */,
			);
			path = Air_iOSTests;
			sourceTree = "<group>";
		};
		6229F25826F1713E00B51EBA /* Air_iOSUITests */ = {
			isa = PBXGroup;
			children = (
				6229F25926F1713E00B51EBA /* Air_iOSUITests.swift */,
				6229F25B26F1713E00B51EBA /* Info.plist */,
			);
			path = Air_iOSUITests;
			sourceTree = "<group>";
		};
		6229F26726F1729800B51EBA /* Source */ = {
			isa = PBXGroup;
			children = (
				6229F26B26F1731000B51EBA /* Application */,
				62C0872827181C24009D34A7 /* Section */,
				62A9A4082701D20E001E2343 /* View */,
				6229F26C26F1732300B51EBA /* ViewController */,
				6229F28226F3209400B51EBA /* Model */,
				6229F27D26F3103E00B51EBA /* Service */,
				6229F26F26F1BF5C00B51EBA /* Network */,
				62EE37502701719B00ABFCD2 /* Base */,
				6229F27226F1D2A700B51EBA /* Extension */,
				62A9A3F8270192E7001E2343 /* Utils */,
			);
			path = Source;
			sourceTree = "<group>";
		};
		6229F26926F172A300B51EBA /* Resource */ = {
			isa = PBXGroup;
			children = (
				6229F24026F1713D00B51EBA /* Assets.xcassets */,
				62A9A4062701A8F4001E2343 /* Colors.xcassets */,
				6229F24226F1713D00B51EBA /* LaunchScreen.storyboard */,
				62452449270D7DB500DE083D /* StatsMock.json */,
				624A4ABF272FC8B9006C8F5E /* MainMock.json */,
			);
			path = Resource;
			sourceTree = "<group>";
		};
		6229F26A26F172B900B51EBA /* SupportingFiles */ = {
			isa = PBXGroup;
			children = (
				621D3DBD2702DAA0003FEA9F /* R.generated.swift */,
				6229F24526F1713D00B51EBA /* Info.plist */,
			);
			path = SupportingFiles;
			sourceTree = "<group>";
		};
		6229F26B26F1731000B51EBA /* Application */ = {
			isa = PBXGroup;
			children = (
				6229F23726F1713A00B51EBA /* AppDelegate.swift */,
				6229F26D26F1B84500B51EBA /* AppServices.swift */,
			);
			path = Application;
			sourceTree = "<group>";
		};
		6229F26C26F1732300B51EBA /* ViewController */ = {
			isa = PBXGroup;
			children = (
				624A4ABA272FC5E8006C8F5E /* Main */,
				62B42F4F2704381200D2060A /* Graph */,
				621D3DB72702D875003FEA9F /* Register */,
				62A9A4012701966A001E2343 /* Login */,
				627E9BB22703604800A2C5A1 /* Timer */,
			);
			path = ViewController;
			sourceTree = "<group>";
		};
		6229F26F26F1BF5C00B51EBA /* Network */ = {
			isa = PBXGroup;
			children = (
				6229F27026F1BF7C00B51EBA /* Network.swift */,
				6229F27626F20F0A00B51EBA /* API */,
			);
			path = Network;
			sourceTree = "<group>";
		};
		6229F27226F1D2A700B51EBA /* Extension */ = {
			isa = PBXGroup;
			children = (
				62A9A41027021BDE001E2343 /* SnapKit */,
				6229F27326F1D2CF00B51EBA /* DateFormatter.swift */,
				6245244D270DBEC000DE083D /* Double.swift */,
				627E9BB727036B6B00A2C5A1 /* Int.swift */,
				62AB75722703E63D0090169D /* String.swift */,
				62BFD581271D6C0F001815BD /* Date.swift */,
			);
			path = Extension;
			sourceTree = "<group>";
		};
		6229F27626F20F0A00B51EBA /* API */ = {
			isa = PBXGroup;
			children = (
				6229F27726F20FC100B51EBA /* BaseAPI.swift */,
				6229F27926F210CD00B51EBA /* MainAPI.swift */,
				6229F27B26F2E6E100B51EBA /* AuthAPI.swift */,
			);
			path = API;
			sourceTree = "<group>";
		};
		6229F27D26F3103E00B51EBA /* Service */ = {
			isa = PBXGroup;
			children = (
				6229F27E26F310D500B51EBA /* AuthService.swift */,
				624A4AB8272EADE4006C8F5E /* UserService.swift */,
			);
			path = Service;
			sourceTree = "<group>";
		};
		6229F28226F3209400B51EBA /* Model */ = {
			isa = PBXGroup;
			children = (
				6229F28326F320E300B51EBA /* ModelType.swift */,
				6229F28526F3216600B51EBA /* Token.swift */,
				6229F28726F3229B00B51EBA /* Email.swift */,
				62452447270D7AB700DE083D /* Stats.swift */,
				624A4AC2272FC91B006C8F5E /* Subject.swift */,
			);
			path = Model;
			sourceTree = "<group>";
		};
		624A4ABA272FC5E8006C8F5E /* Main */ = {
			isa = PBXGroup;
			children = (
				624A4ABD272FC696006C8F5E /* MainViewController.swift */,
				624A4ABB272FC603006C8F5E /* MainViewReactor.swift */,
			);
			path = Main;
			sourceTree = "<group>";
		};
		6253721D271AFE7700165834 /* GraphLegend */ = {
			isa = PBXGroup;
			children = (
				62C08722271810AA009D34A7 /* GraphViewLegendCell.swift */,
				62C087262718116C009D34A7 /* GraphViewLegendReactor.swift */,
			);
			path = GraphLegend;
			sourceTree = "<group>";
		};
		6253721E271BB74800165834 /* GraphDate */ = {
			isa = PBXGroup;
			children = (
				6213BCAC2726E0F200A2E500 /* DatePicker */,
				6213BCAB2726E0E000A2E500 /* Cell */,
			);
			path = GraphDate;
			sourceTree = "<group>";
		};
		627E9BB22703604800A2C5A1 /* Timer */ = {
			isa = PBXGroup;
			children = (
				627E9BB5270360DD00A2C5A1 /* TimerViewController.swift */,
				627E9BB32703606D00A2C5A1 /* TimerViewReactor.swift */,
			);
			path = Timer;
			sourceTree = "<group>";
		};
		62A9A3F8270192E7001E2343 /* Utils */ = {
			isa = PBXGroup;
			children = (
				62A9A3F92701930A001E2343 /* DeviceType.swift */,
				62A9A3FB2701940D001E2343 /* UIViewPreview.swift.swift */,
				62A9A3FD27019425001E2343 /* UIViewControllerPreview.swift */,
			);
			path = Utils;
			sourceTree = "<group>";
		};
		62A9A4012701966A001E2343 /* Login */ = {
			isa = PBXGroup;
			children = (
				62A9A40427019729001E2343 /* LoginViewController.swift */,
				62A9A40227019690001E2343 /* LoginViewReactor.swift */,
			);
			path = Login;
			sourceTree = "<group>";
		};
		62A9A4082701D20E001E2343 /* View */ = {
			isa = PBXGroup;
			children = (
				6213BCA72726DF3F00A2E500 /* DatePicker */,
				62C0872127181070009D34A7 /* TableView */,
				62A9A40A2701DA0B001E2343 /* AirTextField.swift */,
				62A9A40E270216D9001E2343 /* AirPlainButton.swift */,
				62A9A4092701D9E3001E2343 /* Login */,
				62B42F54270439B200D2060A /* Graph */,
			);
			path = View;
			sourceTree = "<group>";
		};
		62A9A4092701D9E3001E2343 /* Login */ = {
			isa = PBXGroup;
			children = (
				62A9A40C270208D8001E2343 /* SendCodeButton.swift */,
			);
			path = Login;
			sourceTree = "<group>";
		};
		62A9A41027021BDE001E2343 /* SnapKit */ = {
			isa = PBXGroup;
			children = (
				62A9A41127021C0B001E2343 /* Snapkit.swift */,
			);
			path = SnapKit;
			sourceTree = "<group>";
		};
		62B42F4F2704381200D2060A /* Graph */ = {
			isa = PBXGroup;
			children = (
				62B42F522704387000D2060A /* GraphViewController.swift.swift */,
				62B42F502704383F00D2060A /* GraphViewReactor.swift */,
			);
			path = Graph;
			sourceTree = "<group>";
		};
		62B42F54270439B200D2060A /* Graph */ = {
			isa = PBXGroup;
			children = (
				62B42F592704953300D2060A /* GraphPieChart.swift */,
				62B42F57270467E500D2060A /* ChartMarker.swift */,
			);
			path = Graph;
			sourceTree = "<group>";
		};
		62C0872127181070009D34A7 /* TableView */ = {
			isa = PBXGroup;
			children = (
				6253721D271AFE7700165834 /* GraphLegend */,
			);
			path = TableView;
			sourceTree = "<group>";
		};
		62C0872827181C24009D34A7 /* Section */ = {
			isa = PBXGroup;
			children = (
				62C0872927181C56009D34A7 /* GraphLegendSection.swift.swift */,
			);
			path = Section;
			sourceTree = "<group>";
		};
		62EE37502701719B00ABFCD2 /* Base */ = {
			isa = PBXGroup;
			children = (
				62EE3751270171E000ABFCD2 /* BaseViewController.swift */,
				62C08724271810D6009D34A7 /* BaseTableViewCell.swift */,
				62537221271BB7C200165834 /* BaseCollectionViewCell.swift */,
			);
			path = Base;
			sourceTree = "<group>";
		};
		A1F1E8471230A83035F1B352 /* Pods */ = {
			isa = PBXGroup;
			children = (
				EDFBDB6CF24430861109E886 /* Pods-Air_iOS.debug.xcconfig */,
				2B0AE9DDA31549283CDBF4E4 /* Pods-Air_iOS.release.xcconfig */,
				EAA32603D1DDFC7CE989F672 /* Pods-Air_iOS-Air_iOSUITests.debug.xcconfig */,
				0B0317AAE7DBAA7E3CB820AF /* Pods-Air_iOS-Air_iOSUITests.release.xcconfig */,
				425284FF908A912FCE928FA0 /* Pods-Air_iOSTests.debug.xcconfig */,
				BCCD06138C1C45249565EF0E /* Pods-Air_iOSTests.release.xcconfig */,
			);
			path = Pods;
			sourceTree = "<group>";
		};
		A93840AA2225AB958755DD8A /* Frameworks */ = {
			isa = PBXGroup;
			children = (
				8941DB28E27ADD54353820D7 /* Pods_Air_iOS.framework */,
				0233958DCE324D658633647D /* Pods_Air_iOS_Air_iOSUITests.framework */,
				E0498C5F8C53219455FCD9D6 /* Pods_Air_iOSTests.framework */,
			);
			name = Frameworks;
			sourceTree = "<group>";
		};
/* End PBXGroup section */

/* Begin PBXNativeTarget section */
		6229F23326F1713A00B51EBA /* Air_iOS */ = {
			isa = PBXNativeTarget;
			buildConfigurationList = 6229F25E26F1713E00B51EBA /* Build configuration list for PBXNativeTarget "Air_iOS" */;
			buildPhases = (
				4EC710F062B995D5841A77D6 /* [CP] Check Pods Manifest.lock */,
				621D3DBC2702DA09003FEA9F /* R.Swift */,
				6229F23026F1713A00B51EBA /* Sources */,
				6229F23126F1713A00B51EBA /* Frameworks */,
				6229F23226F1713A00B51EBA /* Resources */,
				3F9E98E94447A75B274F97DF /* [CP] Embed Pods Frameworks */,
			);
			buildRules = (
			);
			dependencies = (
			);
			name = Air_iOS;
			productName = Air_iOS;
			productReference = 6229F23426F1713A00B51EBA /* Air_iOS.app */;
			productType = "com.apple.product-type.application";
		};
		6229F24926F1713E00B51EBA /* Air_iOSTests */ = {
			isa = PBXNativeTarget;
			buildConfigurationList = 6229F26126F1713E00B51EBA /* Build configuration list for PBXNativeTarget "Air_iOSTests" */;
			buildPhases = (
				F7A044B02866AF985199F942 /* [CP] Check Pods Manifest.lock */,
				6229F24626F1713E00B51EBA /* Sources */,
				6229F24726F1713E00B51EBA /* Frameworks */,
				6229F24826F1713E00B51EBA /* Resources */,
			);
			buildRules = (
			);
			dependencies = (
				6229F24C26F1713E00B51EBA /* PBXTargetDependency */,
			);
			name = Air_iOSTests;
			productName = Air_iOSTests;
			productReference = 6229F24A26F1713E00B51EBA /* Air_iOSTests.xctest */;
			productType = "com.apple.product-type.bundle.unit-test";
		};
		6229F25426F1713E00B51EBA /* Air_iOSUITests */ = {
			isa = PBXNativeTarget;
			buildConfigurationList = 6229F26426F1713E00B51EBA /* Build configuration list for PBXNativeTarget "Air_iOSUITests" */;
			buildPhases = (
				AB24BCB714891B89B90802B1 /* [CP] Check Pods Manifest.lock */,
				6229F25126F1713E00B51EBA /* Sources */,
				6229F25226F1713E00B51EBA /* Frameworks */,
				6229F25326F1713E00B51EBA /* Resources */,
				06D66EFF33D6C45675E74759 /* [CP] Embed Pods Frameworks */,
			);
			buildRules = (
			);
			dependencies = (
				6229F25726F1713E00B51EBA /* PBXTargetDependency */,
			);
			name = Air_iOSUITests;
			productName = Air_iOSUITests;
			productReference = 6229F25526F1713E00B51EBA /* Air_iOSUITests.xctest */;
			productType = "com.apple.product-type.bundle.ui-testing";
		};
/* End PBXNativeTarget section */

/* Begin PBXProject section */
		6229F22C26F1713A00B51EBA /* Project object */ = {
			isa = PBXProject;
			attributes = {
				LastSwiftUpdateCheck = 1250;
				LastUpgradeCheck = 1250;
				TargetAttributes = {
					6229F23326F1713A00B51EBA = {
						CreatedOnToolsVersion = 12.5.1;
					};
					6229F24926F1713E00B51EBA = {
						CreatedOnToolsVersion = 12.5.1;
						TestTargetID = 6229F23326F1713A00B51EBA;
					};
					6229F25426F1713E00B51EBA = {
						CreatedOnToolsVersion = 12.5.1;
						TestTargetID = 6229F23326F1713A00B51EBA;
					};
				};
			};
			buildConfigurationList = 6229F22F26F1713A00B51EBA /* Build configuration list for PBXProject "Air_iOS" */;
			compatibilityVersion = "Xcode 9.3";
			developmentRegion = en;
			hasScannedForEncodings = 0;
			knownRegions = (
				en,
				Base,
			);
			mainGroup = 6229F22B26F1713A00B51EBA;
			productRefGroup = 6229F23526F1713A00B51EBA /* Products */;
			projectDirPath = "";
			projectRoot = "";
			targets = (
				6229F23326F1713A00B51EBA /* Air_iOS */,
				6229F24926F1713E00B51EBA /* Air_iOSTests */,
				6229F25426F1713E00B51EBA /* Air_iOSUITests */,
			);
		};
/* End PBXProject section */

/* Begin PBXResourcesBuildPhase section */
		6229F23226F1713A00B51EBA /* Resources */ = {
			isa = PBXResourcesBuildPhase;
			buildActionMask = 2147483647;
			files = (
				624A4AC0272FC8B9006C8F5E /* MainMock.json in Resources */,
				62A9A4072701A8F4001E2343 /* Colors.xcassets in Resources */,
				6229F24426F1713D00B51EBA /* LaunchScreen.storyboard in Resources */,
				6229F24126F1713D00B51EBA /* Assets.xcassets in Resources */,
				6245244A270D7DB500DE083D /* StatsMock.json in Resources */,
			);
			runOnlyForDeploymentPostprocessing = 0;
		};
		6229F24826F1713E00B51EBA /* Resources */ = {
			isa = PBXResourcesBuildPhase;
			buildActionMask = 2147483647;
			files = (
			);
			runOnlyForDeploymentPostprocessing = 0;
		};
		6229F25326F1713E00B51EBA /* Resources */ = {
			isa = PBXResourcesBuildPhase;
			buildActionMask = 2147483647;
			files = (
			);
			runOnlyForDeploymentPostprocessing = 0;
		};
/* End PBXResourcesBuildPhase section */

/* Begin PBXShellScriptBuildPhase section */
		06D66EFF33D6C45675E74759 /* [CP] Embed Pods Frameworks */ = {
			isa = PBXShellScriptBuildPhase;
			buildActionMask = 2147483647;
			files = (
			);
			inputFileListPaths = (
				"${PODS_ROOT}/Target Support Files/Pods-Air_iOS-Air_iOSUITests/Pods-Air_iOS-Air_iOSUITests-frameworks-${CONFIGURATION}-input-files.xcfilelist",
			);
			name = "[CP] Embed Pods Frameworks";
			outputFileListPaths = (
				"${PODS_ROOT}/Target Support Files/Pods-Air_iOS-Air_iOSUITests/Pods-Air_iOS-Air_iOSUITests-frameworks-${CONFIGURATION}-output-files.xcfilelist",
			);
			runOnlyForDeploymentPostprocessing = 0;
			shellPath = /bin/sh;
			shellScript = "\"${PODS_ROOT}/Target Support Files/Pods-Air_iOS-Air_iOSUITests/Pods-Air_iOS-Air_iOSUITests-frameworks.sh\"\n";
			showEnvVarsInLog = 0;
		};
		3F9E98E94447A75B274F97DF /* [CP] Embed Pods Frameworks */ = {
			isa = PBXShellScriptBuildPhase;
			buildActionMask = 2147483647;
			files = (
			);
			inputFileListPaths = (
				"${PODS_ROOT}/Target Support Files/Pods-Air_iOS/Pods-Air_iOS-frameworks-${CONFIGURATION}-input-files.xcfilelist",
			);
			name = "[CP] Embed Pods Frameworks";
			outputFileListPaths = (
				"${PODS_ROOT}/Target Support Files/Pods-Air_iOS/Pods-Air_iOS-frameworks-${CONFIGURATION}-output-files.xcfilelist",
			);
			runOnlyForDeploymentPostprocessing = 0;
			shellPath = /bin/sh;
			shellScript = "\"${PODS_ROOT}/Target Support Files/Pods-Air_iOS/Pods-Air_iOS-frameworks.sh\"\n";
			showEnvVarsInLog = 0;
		};
		4EC710F062B995D5841A77D6 /* [CP] Check Pods Manifest.lock */ = {
			isa = PBXShellScriptBuildPhase;
			buildActionMask = 2147483647;
			files = (
			);
			inputFileListPaths = (
			);
			inputPaths = (
				"${PODS_PODFILE_DIR_PATH}/Podfile.lock",
				"${PODS_ROOT}/Manifest.lock",
			);
			name = "[CP] Check Pods Manifest.lock";
			outputFileListPaths = (
			);
			outputPaths = (
				"$(DERIVED_FILE_DIR)/Pods-Air_iOS-checkManifestLockResult.txt",
			);
			runOnlyForDeploymentPostprocessing = 0;
			shellPath = /bin/sh;
			shellScript = "diff \"${PODS_PODFILE_DIR_PATH}/Podfile.lock\" \"${PODS_ROOT}/Manifest.lock\" > /dev/null\nif [ $? != 0 ] ; then\n    # print error to STDERR\n    echo \"error: The sandbox is not in sync with the Podfile.lock. Run 'pod install' or update your CocoaPods installation.\" >&2\n    exit 1\nfi\n# This output is used by Xcode 'outputs' to avoid re-running this script phase.\necho \"SUCCESS\" > \"${SCRIPT_OUTPUT_FILE_0}\"\n";
			showEnvVarsInLog = 0;
		};
		621D3DBC2702DA09003FEA9F /* R.Swift */ = {
			isa = PBXShellScriptBuildPhase;
			buildActionMask = 2147483647;
			files = (
			);
			inputFileListPaths = (
			);
			inputPaths = (
				"$TEMP_DIR/rswift-lastrun",
			);
			name = R.Swift;
			outputFileListPaths = (
			);
			outputPaths = (
				$SRCROOT/R.generated.swift,
			);
			runOnlyForDeploymentPostprocessing = 0;
			shellPath = /bin/sh;
			shellScript = "# Type a script or drag a script file from your workspace to insert its path.\n\"$PODS_ROOT/R.swift/rswift\" generate \"$SRCROOT/R.generated.swift\"\n";
		};
		AB24BCB714891B89B90802B1 /* [CP] Check Pods Manifest.lock */ = {
			isa = PBXShellScriptBuildPhase;
			buildActionMask = 2147483647;
			files = (
			);
			inputFileListPaths = (
			);
			inputPaths = (
				"${PODS_PODFILE_DIR_PATH}/Podfile.lock",
				"${PODS_ROOT}/Manifest.lock",
			);
			name = "[CP] Check Pods Manifest.lock";
			outputFileListPaths = (
			);
			outputPaths = (
				"$(DERIVED_FILE_DIR)/Pods-Air_iOS-Air_iOSUITests-checkManifestLockResult.txt",
			);
			runOnlyForDeploymentPostprocessing = 0;
			shellPath = /bin/sh;
			shellScript = "diff \"${PODS_PODFILE_DIR_PATH}/Podfile.lock\" \"${PODS_ROOT}/Manifest.lock\" > /dev/null\nif [ $? != 0 ] ; then\n    # print error to STDERR\n    echo \"error: The sandbox is not in sync with the Podfile.lock. Run 'pod install' or update your CocoaPods installation.\" >&2\n    exit 1\nfi\n# This output is used by Xcode 'outputs' to avoid re-running this script phase.\necho \"SUCCESS\" > \"${SCRIPT_OUTPUT_FILE_0}\"\n";
			showEnvVarsInLog = 0;
		};
		F7A044B02866AF985199F942 /* [CP] Check Pods Manifest.lock */ = {
			isa = PBXShellScriptBuildPhase;
			buildActionMask = 2147483647;
			files = (
			);
			inputFileListPaths = (
			);
			inputPaths = (
				"${PODS_PODFILE_DIR_PATH}/Podfile.lock",
				"${PODS_ROOT}/Manifest.lock",
			);
			name = "[CP] Check Pods Manifest.lock";
			outputFileListPaths = (
			);
			outputPaths = (
				"$(DERIVED_FILE_DIR)/Pods-Air_iOSTests-checkManifestLockResult.txt",
			);
			runOnlyForDeploymentPostprocessing = 0;
			shellPath = /bin/sh;
			shellScript = "diff \"${PODS_PODFILE_DIR_PATH}/Podfile.lock\" \"${PODS_ROOT}/Manifest.lock\" > /dev/null\nif [ $? != 0 ] ; then\n    # print error to STDERR\n    echo \"error: The sandbox is not in sync with the Podfile.lock. Run 'pod install' or update your CocoaPods installation.\" >&2\n    exit 1\nfi\n# This output is used by Xcode 'outputs' to avoid re-running this script phase.\necho \"SUCCESS\" > \"${SCRIPT_OUTPUT_FILE_0}\"\n";
			showEnvVarsInLog = 0;
		};
/* End PBXShellScriptBuildPhase section */

/* Begin PBXSourcesBuildPhase section */
		6229F23026F1713A00B51EBA /* Sources */ = {
			isa = PBXSourcesBuildPhase;
			buildActionMask = 2147483647;
			files = (
				62A9A40527019729001E2343 /* LoginViewController.swift in Sources */,
				62452448270D7AB700DE083D /* Stats.swift in Sources */,
				6229F26E26F1B84500B51EBA /* AppServices.swift in Sources */,
				621D3DBE2702DAA0003FEA9F /* R.generated.swift in Sources */,
				62537222271BB7C200165834 /* BaseCollectionViewCell.swift in Sources */,
				62C08723271810AA009D34A7 /* GraphViewLegendCell.swift in Sources */,
				62A9A41227021C0B001E2343 /* Snapkit.swift in Sources */,
				62B42F58270467E500D2060A /* ChartMarker.swift in Sources */,
				62B42F512704383F00D2060A /* GraphViewReactor.swift in Sources */,
				621D3DBB2702D8F7003FEA9F /* RegisterViewController.swift in Sources */,
				6229F28426F320E300B51EBA /* ModelType.swift in Sources */,
				627E9BB6270360DD00A2C5A1 /* TimerViewController.swift in Sources */,
				62B42F5A2704953300D2060A /* GraphPieChart.swift in Sources */,
				62A9A3FA2701930A001E2343 /* DeviceType.swift in Sources */,
				62537220271BB77C00165834 /* DatePickerDateCell.swift in Sources */,
				6229F28826F3229B00B51EBA /* Email.swift in Sources */,
				6245244E270DBEC000DE083D /* Double.swift in Sources */,
				62A9A40B2701DA0B001E2343 /* AirTextField.swift in Sources */,
				62C0872A27181C56009D34A7 /* GraphLegendSection.swift.swift in Sources */,
				62BFD582271D6C0F001815BD /* Date.swift in Sources */,
				6229F27A26F210CD00B51EBA /* MainAPI.swift in Sources */,
				6229F27F26F310D500B51EBA /* AuthService.swift in Sources */,
				62EE3752270171E000ABFCD2 /* BaseViewController.swift in Sources */,
				6213BCB02727787A00A2E500 /* AirDatePickerReactor.swift in Sources */,
				62A9A3FE27019425001E2343 /* UIViewControllerPreview.swift in Sources */,
				6213BCA92726E02000A2E500 /* AirDatePickerView.swift in Sources */,
				6229F27126F1BF7C00B51EBA /* Network.swift in Sources */,
				624A4ABC272FC603006C8F5E /* MainViewReactor.swift in Sources */,
				62A9A3FC2701940D001E2343 /* UIViewPreview.swift.swift in Sources */,
				62C08725271810D6009D34A7 /* BaseTableViewCell.swift in Sources */,
				62AB75732703E63D0090169D /* String.swift in Sources */,
				624A4AB9272EADE4006C8F5E /* UserService.swift in Sources */,
				62A9A40F270216D9001E2343 /* AirPlainButton.swift in Sources */,
				62A9A40027019457001E2343 /* Preview.swift in Sources */,
				627E9BB42703606D00A2C5A1 /* TimerViewReactor.swift in Sources */,
				62537224271BD29200165834 /* DatePickerDateReactor.swift in Sources */,
				6229F27C26F2E6E200B51EBA /* AuthAPI.swift in Sources */,
				624A4AC3272FC91B006C8F5E /* Subject.swift in Sources */,
				6229F28626F3216600B51EBA /* Token.swift in Sources */,
				621D3DB92702D89A003FEA9F /* RegisterViewReactor.swift in Sources */,
				624A4ABE272FC696006C8F5E /* MainViewController.swift in Sources */,
				62A9A40327019690001E2343 /* LoginViewReactor.swift in Sources */,
				62C087272718116C009D34A7 /* GraphViewLegendReactor.swift in Sources */,
				62B42F532704387000D2060A /* GraphViewController.swift.swift in Sources */,
				62A9A40D270208D8001E2343 /* SendCodeButton.swift in Sources */,
				6229F27826F20FC100B51EBA /* BaseAPI.swift in Sources */,
				627E9BB827036B6B00A2C5A1 /* Int.swift in Sources */,
				6229F23826F1713A00B51EBA /* AppDelegate.swift in Sources */,
				6229F27426F1D2CF00B51EBA /* DateFormatter.swift in Sources */,
			);
			runOnlyForDeploymentPostprocessing = 0;
		};
		6229F24626F1713E00B51EBA /* Sources */ = {
			isa = PBXSourcesBuildPhase;
			buildActionMask = 2147483647;
			files = (
				6229F24F26F1713E00B51EBA /* Air_iOSTests.swift in Sources */,
			);
			runOnlyForDeploymentPostprocessing = 0;
		};
		6229F25126F1713E00B51EBA /* Sources */ = {
			isa = PBXSourcesBuildPhase;
			buildActionMask = 2147483647;
			files = (
				6229F25A26F1713E00B51EBA /* Air_iOSUITests.swift in Sources */,
			);
			runOnlyForDeploymentPostprocessing = 0;
		};
/* End PBXSourcesBuildPhase section */

/* Begin PBXTargetDependency section */
		6229F24C26F1713E00B51EBA /* PBXTargetDependency */ = {
			isa = PBXTargetDependency;
			target = 6229F23326F1713A00B51EBA /* Air_iOS */;
			targetProxy = 6229F24B26F1713E00B51EBA /* PBXContainerItemProxy */;
		};
		6229F25726F1713E00B51EBA /* PBXTargetDependency */ = {
			isa = PBXTargetDependency;
			target = 6229F23326F1713A00B51EBA /* Air_iOS */;
			targetProxy = 6229F25626F1713E00B51EBA /* PBXContainerItemProxy */;
		};
/* End PBXTargetDependency section */

/* Begin PBXVariantGroup section */
		6229F24226F1713D00B51EBA /* LaunchScreen.storyboard */ = {
			isa = PBXVariantGroup;
			children = (
				6229F24326F1713D00B51EBA /* Base */,
			);
			name = LaunchScreen.storyboard;
			sourceTree = "<group>";
		};
/* End PBXVariantGroup section */

/* Begin XCBuildConfiguration section */
		6229F25C26F1713E00B51EBA /* Debug */ = {
			isa = XCBuildConfiguration;
			buildSettings = {
				ALWAYS_SEARCH_USER_PATHS = NO;
				CLANG_ANALYZER_NONNULL = YES;
				CLANG_ANALYZER_NUMBER_OBJECT_CONVERSION = YES_AGGRESSIVE;
				CLANG_CXX_LANGUAGE_STANDARD = "gnu++14";
				CLANG_CXX_LIBRARY = "libc++";
				CLANG_ENABLE_MODULES = YES;
				CLANG_ENABLE_OBJC_ARC = YES;
				CLANG_ENABLE_OBJC_WEAK = YES;
				CLANG_WARN_BLOCK_CAPTURE_AUTORELEASING = YES;
				CLANG_WARN_BOOL_CONVERSION = YES;
				CLANG_WARN_COMMA = YES;
				CLANG_WARN_CONSTANT_CONVERSION = YES;
				CLANG_WARN_DEPRECATED_OBJC_IMPLEMENTATIONS = YES;
				CLANG_WARN_DIRECT_OBJC_ISA_USAGE = YES_ERROR;
				CLANG_WARN_DOCUMENTATION_COMMENTS = YES;
				CLANG_WARN_EMPTY_BODY = YES;
				CLANG_WARN_ENUM_CONVERSION = YES;
				CLANG_WARN_INFINITE_RECURSION = YES;
				CLANG_WARN_INT_CONVERSION = YES;
				CLANG_WARN_NON_LITERAL_NULL_CONVERSION = YES;
				CLANG_WARN_OBJC_IMPLICIT_RETAIN_SELF = YES;
				CLANG_WARN_OBJC_LITERAL_CONVERSION = YES;
				CLANG_WARN_OBJC_ROOT_CLASS = YES_ERROR;
				CLANG_WARN_QUOTED_INCLUDE_IN_FRAMEWORK_HEADER = YES;
				CLANG_WARN_RANGE_LOOP_ANALYSIS = YES;
				CLANG_WARN_STRICT_PROTOTYPES = YES;
				CLANG_WARN_SUSPICIOUS_MOVE = YES;
				CLANG_WARN_UNGUARDED_AVAILABILITY = YES_AGGRESSIVE;
				CLANG_WARN_UNREACHABLE_CODE = YES;
				CLANG_WARN__DUPLICATE_METHOD_MATCH = YES;
				COPY_PHASE_STRIP = NO;
				DEBUG_INFORMATION_FORMAT = dwarf;
				ENABLE_STRICT_OBJC_MSGSEND = YES;
				ENABLE_TESTABILITY = YES;
				GCC_C_LANGUAGE_STANDARD = gnu11;
				GCC_DYNAMIC_NO_PIC = NO;
				GCC_NO_COMMON_BLOCKS = YES;
				GCC_OPTIMIZATION_LEVEL = 0;
				GCC_PREPROCESSOR_DEFINITIONS = (
					"DEBUG=1",
					"$(inherited)",
				);
				GCC_WARN_64_TO_32_BIT_CONVERSION = YES;
				GCC_WARN_ABOUT_RETURN_TYPE = YES_ERROR;
				GCC_WARN_UNDECLARED_SELECTOR = YES;
				GCC_WARN_UNINITIALIZED_AUTOS = YES_AGGRESSIVE;
				GCC_WARN_UNUSED_FUNCTION = YES;
				GCC_WARN_UNUSED_VARIABLE = YES;
				IPHONEOS_DEPLOYMENT_TARGET = 14.5;
				MTL_ENABLE_DEBUG_INFO = INCLUDE_SOURCE;
				MTL_FAST_MATH = YES;
				ONLY_ACTIVE_ARCH = YES;
				SDKROOT = iphoneos;
				SWIFT_ACTIVE_COMPILATION_CONDITIONS = DEBUG;
				SWIFT_OPTIMIZATION_LEVEL = "-Onone";
			};
			name = Debug;
		};
		6229F25D26F1713E00B51EBA /* Release */ = {
			isa = XCBuildConfiguration;
			buildSettings = {
				ALWAYS_SEARCH_USER_PATHS = NO;
				CLANG_ANALYZER_NONNULL = YES;
				CLANG_ANALYZER_NUMBER_OBJECT_CONVERSION = YES_AGGRESSIVE;
				CLANG_CXX_LANGUAGE_STANDARD = "gnu++14";
				CLANG_CXX_LIBRARY = "libc++";
				CLANG_ENABLE_MODULES = YES;
				CLANG_ENABLE_OBJC_ARC = YES;
				CLANG_ENABLE_OBJC_WEAK = YES;
				CLANG_WARN_BLOCK_CAPTURE_AUTORELEASING = YES;
				CLANG_WARN_BOOL_CONVERSION = YES;
				CLANG_WARN_COMMA = YES;
				CLANG_WARN_CONSTANT_CONVERSION = YES;
				CLANG_WARN_DEPRECATED_OBJC_IMPLEMENTATIONS = YES;
				CLANG_WARN_DIRECT_OBJC_ISA_USAGE = YES_ERROR;
				CLANG_WARN_DOCUMENTATION_COMMENTS = YES;
				CLANG_WARN_EMPTY_BODY = YES;
				CLANG_WARN_ENUM_CONVERSION = YES;
				CLANG_WARN_INFINITE_RECURSION = YES;
				CLANG_WARN_INT_CONVERSION = YES;
				CLANG_WARN_NON_LITERAL_NULL_CONVERSION = YES;
				CLANG_WARN_OBJC_IMPLICIT_RETAIN_SELF = YES;
				CLANG_WARN_OBJC_LITERAL_CONVERSION = YES;
				CLANG_WARN_OBJC_ROOT_CLASS = YES_ERROR;
				CLANG_WARN_QUOTED_INCLUDE_IN_FRAMEWORK_HEADER = YES;
				CLANG_WARN_RANGE_LOOP_ANALYSIS = YES;
				CLANG_WARN_STRICT_PROTOTYPES = YES;
				CLANG_WARN_SUSPICIOUS_MOVE = YES;
				CLANG_WARN_UNGUARDED_AVAILABILITY = YES_AGGRESSIVE;
				CLANG_WARN_UNREACHABLE_CODE = YES;
				CLANG_WARN__DUPLICATE_METHOD_MATCH = YES;
				COPY_PHASE_STRIP = NO;
				DEBUG_INFORMATION_FORMAT = "dwarf-with-dsym";
				ENABLE_NS_ASSERTIONS = NO;
				ENABLE_STRICT_OBJC_MSGSEND = YES;
				GCC_C_LANGUAGE_STANDARD = gnu11;
				GCC_NO_COMMON_BLOCKS = YES;
				GCC_WARN_64_TO_32_BIT_CONVERSION = YES;
				GCC_WARN_ABOUT_RETURN_TYPE = YES_ERROR;
				GCC_WARN_UNDECLARED_SELECTOR = YES;
				GCC_WARN_UNINITIALIZED_AUTOS = YES_AGGRESSIVE;
				GCC_WARN_UNUSED_FUNCTION = YES;
				GCC_WARN_UNUSED_VARIABLE = YES;
				IPHONEOS_DEPLOYMENT_TARGET = 14.5;
				MTL_ENABLE_DEBUG_INFO = NO;
				MTL_FAST_MATH = YES;
				SDKROOT = iphoneos;
				SWIFT_COMPILATION_MODE = wholemodule;
				SWIFT_OPTIMIZATION_LEVEL = "-O";
				VALIDATE_PRODUCT = YES;
			};
			name = Release;
		};
		6229F25F26F1713E00B51EBA /* Debug */ = {
			isa = XCBuildConfiguration;
			baseConfigurationReference = EDFBDB6CF24430861109E886 /* Pods-Air_iOS.debug.xcconfig */;
			buildSettings = {
				ASSETCATALOG_COMPILER_APPICON_NAME = AppIcon;
				ASSETCATALOG_COMPILER_GLOBAL_ACCENT_COLOR_NAME = AccentColor;
				CODE_SIGN_STYLE = Automatic;
				DEVELOPMENT_TEAM = Q23JLSJCCV;
				INFOPLIST_FILE = Air_iOS/SupportingFiles/Info.plist;
				LD_RUNPATH_SEARCH_PATHS = (
					"$(inherited)",
					"@executable_path/Frameworks",
				);
				PRODUCT_BUNDLE_IDENTIFIER = "com.hansarang.ios.air.Air-iOS";
				PRODUCT_NAME = "$(TARGET_NAME)";
				SWIFT_VERSION = 5.0;
				TARGETED_DEVICE_FAMILY = "1,2";
			};
			name = Debug;
		};
		6229F26026F1713E00B51EBA /* Release */ = {
			isa = XCBuildConfiguration;
			baseConfigurationReference = 2B0AE9DDA31549283CDBF4E4 /* Pods-Air_iOS.release.xcconfig */;
			buildSettings = {
				ASSETCATALOG_COMPILER_APPICON_NAME = AppIcon;
				ASSETCATALOG_COMPILER_GLOBAL_ACCENT_COLOR_NAME = AccentColor;
				CODE_SIGN_STYLE = Automatic;
				DEVELOPMENT_TEAM = Q23JLSJCCV;
				INFOPLIST_FILE = Air_iOS/SupportingFiles/Info.plist;
				LD_RUNPATH_SEARCH_PATHS = (
					"$(inherited)",
					"@executable_path/Frameworks",
				);
				PRODUCT_BUNDLE_IDENTIFIER = "com.hansarang.ios.air.Air-iOS";
				PRODUCT_NAME = "$(TARGET_NAME)";
				SWIFT_VERSION = 5.0;
				TARGETED_DEVICE_FAMILY = "1,2";
			};
			name = Release;
		};
		6229F26226F1713E00B51EBA /* Debug */ = {
			isa = XCBuildConfiguration;
			baseConfigurationReference = 425284FF908A912FCE928FA0 /* Pods-Air_iOSTests.debug.xcconfig */;
			buildSettings = {
				ALWAYS_EMBED_SWIFT_STANDARD_LIBRARIES = YES;
				BUNDLE_LOADER = "$(TEST_HOST)";
				CODE_SIGN_STYLE = Automatic;
				DEVELOPMENT_TEAM = Q23JLSJCCV;
				INFOPLIST_FILE = Air_iOSTests/Info.plist;
				IPHONEOS_DEPLOYMENT_TARGET = 14.5;
				LD_RUNPATH_SEARCH_PATHS = (
					"$(inherited)",
					"@executable_path/Frameworks",
					"@loader_path/Frameworks",
				);
				PRODUCT_BUNDLE_IDENTIFIER = "com.hansarang.ios.air.Air-iOSTests";
				PRODUCT_NAME = "$(TARGET_NAME)";
				SWIFT_VERSION = 5.0;
				TARGETED_DEVICE_FAMILY = "1,2";
				TEST_HOST = "$(BUILT_PRODUCTS_DIR)/Air_iOS.app/Air_iOS";
			};
			name = Debug;
		};
		6229F26326F1713E00B51EBA /* Release */ = {
			isa = XCBuildConfiguration;
			baseConfigurationReference = BCCD06138C1C45249565EF0E /* Pods-Air_iOSTests.release.xcconfig */;
			buildSettings = {
				ALWAYS_EMBED_SWIFT_STANDARD_LIBRARIES = YES;
				BUNDLE_LOADER = "$(TEST_HOST)";
				CODE_SIGN_STYLE = Automatic;
				DEVELOPMENT_TEAM = Q23JLSJCCV;
				INFOPLIST_FILE = Air_iOSTests/Info.plist;
				IPHONEOS_DEPLOYMENT_TARGET = 14.5;
				LD_RUNPATH_SEARCH_PATHS = (
					"$(inherited)",
					"@executable_path/Frameworks",
					"@loader_path/Frameworks",
				);
				PRODUCT_BUNDLE_IDENTIFIER = "com.hansarang.ios.air.Air-iOSTests";
				PRODUCT_NAME = "$(TARGET_NAME)";
				SWIFT_VERSION = 5.0;
				TARGETED_DEVICE_FAMILY = "1,2";
				TEST_HOST = "$(BUILT_PRODUCTS_DIR)/Air_iOS.app/Air_iOS";
			};
			name = Release;
		};
		6229F26526F1713E00B51EBA /* Debug */ = {
			isa = XCBuildConfiguration;
			baseConfigurationReference = EAA32603D1DDFC7CE989F672 /* Pods-Air_iOS-Air_iOSUITests.debug.xcconfig */;
			buildSettings = {
				ALWAYS_EMBED_SWIFT_STANDARD_LIBRARIES = YES;
				CODE_SIGN_STYLE = Automatic;
				DEVELOPMENT_TEAM = Q23JLSJCCV;
				INFOPLIST_FILE = Air_iOSUITests/Info.plist;
				LD_RUNPATH_SEARCH_PATHS = (
					"$(inherited)",
					"@executable_path/Frameworks",
					"@loader_path/Frameworks",
				);
				PRODUCT_BUNDLE_IDENTIFIER = "com.hansarang.ios.air.Air-iOSUITests";
				PRODUCT_NAME = "$(TARGET_NAME)";
				SWIFT_VERSION = 5.0;
				TARGETED_DEVICE_FAMILY = "1,2";
				TEST_TARGET_NAME = Air_iOS;
			};
			name = Debug;
		};
		6229F26626F1713E00B51EBA /* Release */ = {
			isa = XCBuildConfiguration;
			baseConfigurationReference = 0B0317AAE7DBAA7E3CB820AF /* Pods-Air_iOS-Air_iOSUITests.release.xcconfig */;
			buildSettings = {
				ALWAYS_EMBED_SWIFT_STANDARD_LIBRARIES = YES;
				CODE_SIGN_STYLE = Automatic;
				DEVELOPMENT_TEAM = Q23JLSJCCV;
				INFOPLIST_FILE = Air_iOSUITests/Info.plist;
				LD_RUNPATH_SEARCH_PATHS = (
					"$(inherited)",
					"@executable_path/Frameworks",
					"@loader_path/Frameworks",
				);
				PRODUCT_BUNDLE_IDENTIFIER = "com.hansarang.ios.air.Air-iOSUITests";
				PRODUCT_NAME = "$(TARGET_NAME)";
				SWIFT_VERSION = 5.0;
				TARGETED_DEVICE_FAMILY = "1,2";
				TEST_TARGET_NAME = Air_iOS;
			};
			name = Release;
		};
/* End XCBuildConfiguration section */

/* Begin XCConfigurationList section */
		6229F22F26F1713A00B51EBA /* Build configuration list for PBXProject "Air_iOS" */ = {
			isa = XCConfigurationList;
			buildConfigurations = (
				6229F25C26F1713E00B51EBA /* Debug */,
				6229F25D26F1713E00B51EBA /* Release */,
			);
			defaultConfigurationIsVisible = 0;
			defaultConfigurationName = Release;
		};
		6229F25E26F1713E00B51EBA /* Build configuration list for PBXNativeTarget "Air_iOS" */ = {
			isa = XCConfigurationList;
			buildConfigurations = (
				6229F25F26F1713E00B51EBA /* Debug */,
				6229F26026F1713E00B51EBA /* Release */,
			);
			defaultConfigurationIsVisible = 0;
			defaultConfigurationName = Release;
		};
		6229F26126F1713E00B51EBA /* Build configuration list for PBXNativeTarget "Air_iOSTests" */ = {
			isa = XCConfigurationList;
			buildConfigurations = (
				6229F26226F1713E00B51EBA /* Debug */,
				6229F26326F1713E00B51EBA /* Release */,
			);
			defaultConfigurationIsVisible = 0;
			defaultConfigurationName = Release;
		};
		6229F26426F1713E00B51EBA /* Build configuration list for PBXNativeTarget "Air_iOSUITests" */ = {
			isa = XCConfigurationList;
			buildConfigurations = (
				6229F26526F1713E00B51EBA /* Debug */,
				6229F26626F1713E00B51EBA /* Release */,
			);
			defaultConfigurationIsVisible = 0;
			defaultConfigurationName = Release;
		};
/* End XCConfigurationList section */
	};
	rootObject = 6229F22C26F1713A00B51EBA /* Project object */;
}
